Microsoft Visual Studio Solution File, Format Version 12.00
# Visual Studio Version 17
VisualStudioVersion = 17.5.2.0
MinimumVisualStudioVersion = 10.0.40219.1
Project("{FAE04EC0-301F-11D3-BF4B-00C04F79EFBC}") = "ServidorHttpSimples", "ServidorHttpSimples.csproj", "{638F9853-4067-F555-56D2-77333124B928}"
EndProject
Global
	GlobalSection(SolutionConfigurationPlatforms) = preSolution
		Debug|Any CPU = Debug|Any CPU
		Release|Any CPU = Release|Any CPU
	EndGlobalSection
	GlobalSection(ProjectConfigurationPlatforms) = postSolution
		{638F9853-4067-F555-56D2-77333124B928}.Debug|Any CPU.ActiveCfg = Debug|Any CPU
		{638F9853-4067-F555-56D2-77333124B928}.Debug|Any CPU.Build.0 = Debug|Any CPU
		{638F9853-4067-F555-56D2-77333124B928}.Release|Any CPU.ActiveCfg = Release|Any CPU
		{638F9853-4067-F555-56D2-77333124B928}.Release|Any CPU.Build.0 = Release|Any CPU
	EndGlobalSection
	GlobalSection(SolutionProperties) = preSolution
		HideSolutionNode = FALSE
	EndGlobalSection
	GlobalSection(ExtensibilityGlobals) = postSolution
		SolutionGuid = {A9DD1CDD-F1AE-4925-B947-72C3B0299103}
	EndGlobalSection
EndGlobal
